
Microsoft Visual Studio Solution File, Format Version 12.00
# Visual Studio Version 16
VisualStudioVersion = 16.0.31624.102
MinimumVisualStudioVersion = 10.0.40219.1
Project("{FAE04EC0-301F-11D3-BF4B-00C04F79EFBC}") = "PerformanceAndQuality", "PerformanceAndQuality.csproj", "{D08C9123-FB42-4843-B4B6-ADFDE5381AC0}"
EndProject
Global
	GlobalSection(SolutionConfigurationPlatforms) = preSolution
		Debug|Any CPU = Debug|Any CPU
		Release|Any CPU = Release|Any CPU
	EndGlobalSection
	GlobalSection(ProjectConfigurationPlatforms) = postSolution
		{D08C9123-FB42-4843-B4B6-ADFDE5381AC0}.Debug|Any CPU.ActiveCfg = Debug|Any CPU
		{D08C9123-FB42-4843-B4B6-ADFDE5381AC0}.Debug|Any CPU.Build.0 = Debug|Any CPU
		{D08C9123-FB42-4843-B4B6-ADFDE5381AC0}.Release|Any CPU.ActiveCfg = Release|Any CPU
		{D08C9123-FB42-4843-B4B6-ADFDE5381AC0}.Release|Any CPU.Build.0 = Release|Any CPU
	EndGlobalSection
	GlobalSection(SolutionProperties) = preSolution
		HideSolutionNode = FALSE
	EndGlobalSection
	GlobalSection(ExtensibilityGlobals) = postSolution
		SolutionGuid = {7A867662-8BAC-4673-BB21-C6652F98D0A4}
	EndGlobalSection
EndGlobal
